Microsoft Visual Studio Solution File, Format Version 11.00
# Visual Studio 2008

Project("{3AB20D41-9EBA-6322-C644-B85764975B33}") = "3dmax", "Assembly-CSharp-firstpass.csproj", "{4FA818FA-F926-F2C6-09BD-4F79F28504D2}"
EndProject
Project("{3AB20D41-9EBA-6322-C644-B85764975B33}") = "3dmax", "Assembly-UnityScript-firstpass.unityproj", "{DAAEEC7C-0EFD-BC8A-D7B1-BB9AB74D76A7}"
EndProject
Project("{3AB20D41-9EBA-6322-C644-B85764975B33}") = "3dmax", "Assembly-UnityScript.unityproj", "{246608E1-CB5F-C3F1-54FE-07CEC9C6F622}"
EndProject
Project("{3AB20D41-9EBA-6322-C644-B85764975B33}") = "3dmax", "Assembly-UnityScript-Editor.unityproj", "{8E0D0A59-B278-E6DC-B338-C072EB7AA8AA}"
EndProject
Global
	GlobalSection(SolutionConfigurationPlatforms) = preSolution
		Debug|Any CPU = Debug|Any CPU
		Release|Any CPU = Release|Any CPU
	EndGlobalSection
	GlobalSection(ProjectConfigurationPlatforms) = postSolution
		{4FA818FA-F926-F2C6-09BD-4F79F28504D2}.Debug|Any CPU.ActiveCfg = Debug|Any CPU
		{4FA818FA-F926-F2C6-09BD-4F79F28504D2}.Debug|Any CPU.Build.0 = Debug|Any CPU
		{4FA818FA-F926-F2C6-09BD-4F79F28504D2}.Release|Any CPU.ActiveCfg = Release|Any CPU
		{4FA818FA-F926-F2C6-09BD-4F79F28504D2}.Release|Any CPU.Build.0 = Release|Any CPU
		{DAAEEC7C-0EFD-BC8A-D7B1-BB9AB74D76A7}.Debug|Any CPU.ActiveCfg = Debug|Any CPU
		{DAAEEC7C-0EFD-BC8A-D7B1-BB9AB74D76A7}.Debug|Any CPU.Build.0 = Debug|Any CPU
		{DAAEEC7C-0EFD-BC8A-D7B1-BB9AB74D76A7}.Release|Any CPU.ActiveCfg = Release|Any CPU
		{DAAEEC7C-0EFD-BC8A-D7B1-BB9AB74D76A7}.Release|Any CPU.Build.0 = Release|Any CPU
		{246608E1-CB5F-C3F1-54FE-07CEC9C6F622}.Debug|Any CPU.ActiveCfg = Debug|Any CPU
		{246608E1-CB5F-C3F1-54FE-07CEC9C6F622}.Debug|Any CPU.Build.0 = Debug|Any CPU
		{246608E1-CB5F-C3F1-54FE-07CEC9C6F622}.Release|Any CPU.ActiveCfg = Release|Any CPU
		{246608E1-CB5F-C3F1-54FE-07CEC9C6F622}.Release|Any CPU.Build.0 = Release|Any CPU
		{8E0D0A59-B278-E6DC-B338-C072EB7AA8AA}.Debug|Any CPU.ActiveCfg = Debug|Any CPU
		{8E0D0A59-B278-E6DC-B338-C072EB7AA8AA}.Debug|Any CPU.Build.0 = Debug|Any CPU
		{8E0D0A59-B278-E6DC-B338-C072EB7AA8AA}.Release|Any CPU.ActiveCfg = Release|Any CPU
		{8E0D0A59-B278-E6DC-B338-C072EB7AA8AA}.Release|Any CPU.Build.0 = Release|Any CPU
	EndGlobalSection
	GlobalSection(SolutionProperties) = preSolution
		HideSolutionNode = FALSE
	EndGlobalSection
																																																																																									GlobalSection(MonoDevelopProperties) = preSolution
		StartupItem = Assembly-CSharp.csproj
		Policies = $0
		$0.TextStylePolicy = $1
		$1.inheritsSet = null
		$1.scope = text/x-csharp
		$0.CSharpFormattingPolicy = $2
		$2.inheritsSet = Mono
		$2.inheritsScope = text/x-csharp
		$2.scope = text/x-csharp
		$0.TextStylePolicy = $3
		$3.FileWidth = 120
		$3.TabWidth = 4
		$3.EolMarker = Unix
		$3.inheritsSet = Mono
		$3.inheritsScope = text/plain
		$3.scope = text/plain
	EndGlobalSection

EndGlobal
